# THIS IS AN AUTOGENERATED FILE. DO NOT EDIT THIS FILE DIRECTLY.
# yarn lockfile v1


"axios@^0.25.0", "axios@>= 0.20.0":
  "integrity" "sha512-cD8FOb0tRH3uuEe6+evtAbgJtfxr7ly3fQjYcMcuPlgkwVS9xboaVIpcDV+cYQe+yGykgwZCs1pzjntcGa6l5g=="
  "resolved" "https://registry.npmjs.org/axios/-/axios-0.25.0.tgz"
  "version" "0.25.0"
  dependencies:
    "follow-redirects" "^1.14.7"

"core-js@^3.6.5":
  "integrity" "sha512-vVl8j8ph6tRS3B8qir40H7yw7voy17xL0piAjlbBUsH7WIfzoedL/ZOr1OV9FyZQLWXsayOJyV4tnRyXR85/ag=="
  "resolved" "https://registry.npmjs.org/core-js/-/core-js-3.20.3.tgz"
  "version" "3.20.3"

"date-fns@^2.28.0":
  "integrity" "sha512-8d35hViGYx/QH0icHYCeLmsLmMUheMmTyV9Fcm6gvNwdw31yXXH+O85sOBJ+OLnLQMKZowvpKb6FgMIQjcpvQw=="
  "resolved" "https://registry.npmjs.org/date-fns/-/date-fns-2.28.0.tgz"
  "version" "2.28.0"

"follow-redirects@^1.14.7":
  "integrity" "sha512-+hbxoLbFMbRKDwohX8GkTataGqO6Jb7jGwpAlwgy2bIz25XtRm7KEzJM76R1WiNT5SwZkX4Y75SwBolkpmE7iQ=="
  "resolved" "https://registry.npmjs.org/follow-redirects/-/follow-redirects-1.14.7.tgz"
  "version" "1.14.7"

"vue-axios@^3.4.0":
  "integrity" "sha512-S3YTCJeEndzmtaYzyz919Z54wY1D2OftWEhioGbHED3VUSta8ti0OHjDipTPkb1StxOzQLAAO2hSUq830i14KA=="
  "resolved" "https://registry.npmjs.org/vue-axios/-/vue-axios-3.4.0.tgz"
  "version" "3.4.0"

"vue-router@^3.2.0":
  "integrity" "sha512-FUlILrW3DGitS2h+Xaw8aRNvGTwtuaxrRkNSHWTizOfLUie7wuYwezeZ50iflRn8YPV5kxmU2LQuu3nM/b3Zsg=="
  "resolved" "https://registry.npmjs.org/vue-router/-/vue-router-3.5.3.tgz"
  "version" "3.5.3"

"vue@^2.0.0", "vue@^2.6.11", "vue@^2.6.4", "vue@^3.0.0 || ^2.0.0":
  "integrity" "sha512-x2284lgYvjOMj3Za7kqzRcUSxBboHqtgRE2zlos1qWaOye5yUmHn42LB1250NJBLRwEcdrB0JRwyPTEPhfQjiQ=="
  "resolved" "https://registry.npmjs.org/vue/-/vue-2.6.14.tgz"
  "version" "2.6.14"

"vuelidate@^0.7.7":
  "integrity" "sha512-pT/U2lDI67wkIqI4tum7cMSIfGcAMfB+Phtqh2ttdXURwvHRBJEAQ0tVbUsW9Upg83Q5QH59bnCoXI7A9JDGnA=="
  "resolved" "https://registry.npmjs.org/vuelidate/-/vuelidate-0.7.7.tgz"
  "version" "0.7.7"

"vuetify@^2.4.0":
  "integrity" "sha512-Zfiz2DZnp1DvxqGaSCGqGjv4mPNAurJJ5Xwy7bzNzIySGLlRdlO8UH6aNWnSgfaAsLP3voxadSGDm6tKM8Ys7w=="
  "resolved" "https://registry.npmjs.org/vuetify/-/vuetify-2.6.3.tgz"
  "version" "2.6.3"

"vuex@^3.6.2":
  "integrity" "sha512-ETW44IqCgBpVomy520DT5jf8n0zoCac+sxWnn+hMe/CzaSejb/eVw2YToiXYX+Ex/AuHHia28vWTq4goAexFbw=="
  "resolved" "https://registry.npmjs.org/vuex/-/vuex-3.6.2.tgz"
  "version" "3.6.2"
